// !$*UTF8*$!
{
	archiveVersion = 1;
	classes = {
	};
	objectVersion = 56;
	objects = {

/* Begin PBXBuildFile section */
		9BDE4FF4D255DDA90132C8FE /* Pods_PlanDo.framework in Frameworks */ = {isa = PBXBuildFile; fileRef = BE0DF282AFD67417F0BAE2DB /* Pods_PlanDo.framework */; };
		EE4EB83529A227BB001A2CDA /* SearchBar.swift in Sources */ = {isa = PBXBuildFile; fileRef = EE4EB83429A227BB001A2CDA /* SearchBar.swift */; };
		EE9F9078298397FF00797D27 /* AppDelegate.swift in Sources */ = {isa = PBXBuildFile; fileRef = EE9F9077298397FF00797D27 /* AppDelegate.swift */; };
		EE9F907A298397FF00797D27 /* SceneDelegate.swift in Sources */ = {isa = PBXBuildFile; fileRef = EE9F9079298397FF00797D27 /* SceneDelegate.swift */; };
		EE9F90812983980000797D27 /* Assets.xcassets in Resources */ = {isa = PBXBuildFile; fileRef = EE9F90802983980000797D27 /* Assets.xcassets */; };
		EE9F90842983980000797D27 /* LaunchScreen.storyboard in Resources */ = {isa = PBXBuildFile; fileRef = EE9F90822983980000797D27 /* LaunchScreen.storyboard */; };
		EE9F908F2983980100797D27 /* PlanDoTests.swift in Sources */ = {isa = PBXBuildFile; fileRef = EE9F908E2983980100797D27 /* PlanDoTests.swift */; };
		EE9F90992983980100797D27 /* PlanDoUITests.swift in Sources */ = {isa = PBXBuildFile; fileRef = EE9F90982983980100797D27 /* PlanDoUITests.swift */; };
		EE9F909B2983980100797D27 /* PlanDoUITestsLaunchTests.swift in Sources */ = {isa = PBXBuildFile; fileRef = EE9F909A2983980100797D27 /* PlanDoUITestsLaunchTests.swift */; };
		EE9F90A82983985D00797D27 /* MainView.swift in Sources */ = {isa = PBXBuildFile; fileRef = EE9F90A72983985D00797D27 /* MainView.swift */; };
		EE9F90AB2983987200797D27 /* SnapKit in Frameworks */ = {isa = PBXBuildFile; productRef = EE9F90AA2983987200797D27 /* SnapKit */; };
		EE9F90E92983E41700797D27 /* PlanDoTableViewCell.swift in Sources */ = {isa = PBXBuildFile; fileRef = EE9F90E82983E41700797D27 /* PlanDoTableViewCell.swift */; };
		EE9F913029876B7600797D27 /* PlanDoTableViewHeader.swift in Sources */ = {isa = PBXBuildFile; fileRef = EE9F912F29876B7600797D27 /* PlanDoTableViewHeader.swift */; };
		EEC894FC29C95BF000184B83 /* HeaderView.swift in Sources */ = {isa = PBXBuildFile; fileRef = EEC894FB29C95BF000184B83 /* HeaderView.swift */; };
		EEC894FE29C95D6000184B83 /* NewPlanDoViewModel.swift in Sources */ = {isa = PBXBuildFile; fileRef = EEC894FD29C95D6000184B83 /* NewPlanDoViewModel.swift */; };
		EEC8950229C9624600184B83 /* TitleCell.swift in Sources */ = {isa = PBXBuildFile; fileRef = EEC8950129C9624600184B83 /* TitleCell.swift */; };
		EEC8950629C9687E00184B83 /* TitleCellViewModel.swift in Sources */ = {isa = PBXBuildFile; fileRef = EEC8950529C9687E00184B83 /* TitleCellViewModel.swift */; };
		EEC8950829C96A4100184B83 /* HeaderViewModel.swift in Sources */ = {isa = PBXBuildFile; fileRef = EEC8950729C96A4100184B83 /* HeaderViewModel.swift */; };
		EEC8950C29C9703400184B83 /* StarButton.swift in Sources */ = {isa = PBXBuildFile; fileRef = EEC8950B29C9703400184B83 /* StarButton.swift */; };
		EEC8950E29C97DC400184B83 /* DateCell.swift in Sources */ = {isa = PBXBuildFile; fileRef = EEC8950D29C97DC400184B83 /* DateCell.swift */; };
		EEC8951129C97DDC00184B83 /* DateViewModel.swift in Sources */ = {isa = PBXBuildFile; fileRef = EEC8951029C97DDC00184B83 /* DateViewModel.swift */; };
		EEC8955429C98EEE00184B83 /* DetailCell.swift in Sources */ = {isa = PBXBuildFile; fileRef = EEC8955329C98EEE00184B83 /* DetailCell.swift */; };
		EEC8955629C98EFB00184B83 /* DetailViewModel.swift in Sources */ = {isa = PBXBuildFile; fileRef = EEC8955529C98EFB00184B83 /* DetailViewModel.swift */; };
		EED025D729A9F1C0003D5E30 /* ListView.swift in Sources */ = {isa = PBXBuildFile; fileRef = EED025D629A9F1C0003D5E30 /* ListView.swift */; };
		EED025DD29A9F3B9003D5E30 /* CalendarView.swift in Sources */ = {isa = PBXBuildFile; fileRef = EED025DC29A9F3B9003D5E30 /* CalendarView.swift */; };
		EED025DF29A9F4C0003D5E30 /* AddButton.swift in Sources */ = {isa = PBXBuildFile; fileRef = EED025DE29A9F4C0003D5E30 /* AddButton.swift */; };
		EED025E129A9F9CF003D5E30 /* MainViewModel.swift in Sources */ = {isa = PBXBuildFile; fileRef = EED025E029A9F9CF003D5E30 /* MainViewModel.swift */; };
		EED025E329A9F9EE003D5E30 /* ListViewModel.swift in Sources */ = {isa = PBXBuildFile; fileRef = EED025E229A9F9EE003D5E30 /* ListViewModel.swift */; };
		EED025E529A9F9FC003D5E30 /* SearchViewModel.swift in Sources */ = {isa = PBXBuildFile; fileRef = EED025E429A9F9FC003D5E30 /* SearchViewModel.swift */; };
		EED025E729A9FA10003D5E30 /* CalendarViewModel.swift in Sources */ = {isa = PBXBuildFile; fileRef = EED025E629A9FA10003D5E30 /* CalendarViewModel.swift */; };
		EED025E929A9FA62003D5E30 /* AddButtonViewModel.swift in Sources */ = {isa = PBXBuildFile; fileRef = EED025E829A9FA62003D5E30 /* AddButtonViewModel.swift */; };
		EED025EE29AA0154003D5E30 /* FetchNetworkError.swift in Sources */ = {isa = PBXBuildFile; fileRef = EED025ED29AA0154003D5E30 /* FetchNetworkError.swift */; };
		EED0264329ADE2EC003D5E30 /* MainModel.swift in Sources */ = {isa = PBXBuildFile; fileRef = EED0264229ADE2EC003D5E30 /* MainModel.swift */; };
		EED2181C29C8BA5C00BA3CA3 /* NewPlanDoView.swift in Sources */ = {isa = PBXBuildFile; fileRef = EED2181B29C8BA5C00BA3CA3 /* NewPlanDoView.swift */; };
		EEFEBA8B29983CF0006219ED /* PlanDo.swift in Sources */ = {isa = PBXBuildFile; fileRef = EEFEBA8A29983CF0006219ED /* PlanDo.swift */; };
		EEFEBA91299851AA006219ED /* Storage.swift in Sources */ = {isa = PBXBuildFile; fileRef = EEFEBA90299851AA006219ED /* Storage.swift */; };
		EEFEBA962998591E006219ED /* Kingfisher in Frameworks */ = {isa = PBXBuildFile; productRef = EEFEBA952998591E006219ED /* Kingfisher */; };
/* End PBXBuildFile section */

/* Begin PBXContainerItemProxy section */
		EE9F908B2983980100797D27 /* PBXContainerItemProxy */ = {
			isa = PBXContainerItemProxy;
			containerPortal = EE9F906C298397FF00797D27 /* Project object */;
			proxyType = 1;
			remoteGlobalIDString = EE9F9073298397FF00797D27;
			remoteInfo = PlanDo;
		};
		EE9F90952983980100797D27 /* PBXContainerItemProxy */ = {
			isa = PBXContainerItemProxy;
			containerPortal = EE9F906C298397FF00797D27 /* Project object */;
			proxyType = 1;
			remoteGlobalIDString = EE9F9073298397FF00797D27;
			remoteInfo = PlanDo;
		};
/* End PBXContainerItemProxy section */

/* Begin PBXFileReference section */
		4251F1CE7CD1C16C9BD72CCF /* Pods-PlanDo.debug.xcconfig */ = {isa = PBXFileReference; includeInIndex = 1; lastKnownFileType = text.xcconfig; name = "Pods-PlanDo.debug.xcconfig"; path = "Target Support Files/Pods-PlanDo/Pods-PlanDo.debug.xcconfig"; sourceTree = "<group>"; };
		42A82B7299F027826A894AB6 /* Pods-PlanDo.release.xcconfig */ = {isa = PBXFileReference; includeInIndex = 1; lastKnownFileType = text.xcconfig; name = "Pods-PlanDo.release.xcconfig"; path = "Target Support Files/Pods-PlanDo/Pods-PlanDo.release.xcconfig"; sourceTree = "<group>"; };
		BE0DF282AFD67417F0BAE2DB /* Pods_PlanDo.framework */ = {isa = PBXFileReference; explicitFileType = wrapper.framework; includeInIndex = 0; path = Pods_PlanDo.framework; sourceTree = BUILT_PRODUCTS_DIR; };
		EE4EB83429A227BB001A2CDA /* SearchBar.swift */ = {isa = PBXFileReference; fileEncoding = 4; lastKnownFileType = sourcecode.swift; path = SearchBar.swift; sourceTree = "<group>"; };
		EE4EB83629A22E4E001A2CDA /* Transforming_Operator.playground */ = {isa = PBXFileReference; lastKnownFileType = file.playground; path = Transforming_Operator.playground; sourceTree = "<group>"; xcLanguageSpecificationIdentifier = xcode.lang.swift; };
		EE9F9074298397FF00797D27 /* PlanDo.app */ = {isa = PBXFileReference; explicitFileType = wrapper.application; includeInIndex = 0; path = PlanDo.app; sourceTree = BUILT_PRODUCTS_DIR; };
		EE9F9077298397FF00797D27 /* AppDelegate.swift */ = {isa = PBXFileReference; lastKnownFileType = sourcecode.swift; path = AppDelegate.swift; sourceTree = "<group>"; };
		EE9F9079298397FF00797D27 /* SceneDelegate.swift */ = {isa = PBXFileReference; lastKnownFileType = sourcecode.swift; path = SceneDelegate.swift; sourceTree = "<group>"; };
		EE9F90802983980000797D27 /* Assets.xcassets */ = {isa = PBXFileReference; lastKnownFileType = folder.assetcatalog; path = Assets.xcassets; sourceTree = "<group>"; };
		EE9F90832983980000797D27 /* Base */ = {isa = PBXFileReference; lastKnownFileType = file.storyboard; name = Base; path = Base.lproj/LaunchScreen.storyboard; sourceTree = "<group>"; };
		EE9F90852983980000797D27 /* Info.plist */ = {isa = PBXFileReference; lastKnownFileType = text.plist.xml; path = Info.plist; sourceTree = "<group>"; };
		EE9F908A2983980100797D27 /* PlanDoTests.xctest */ = {isa = PBXFileReference; explicitFileType = wrapper.cfbundle; includeInIndex = 0; path = PlanDoTests.xctest; sourceTree = BUILT_PRODUCTS_DIR; };
		EE9F908E2983980100797D27 /* PlanDoTests.swift */ = {isa = PBXFileReference; lastKnownFileType = sourcecode.swift; path = PlanDoTests.swift; sourceTree = "<group>"; };
		EE9F90942983980100797D27 /* PlanDoUITests.xctest */ = {isa = PBXFileReference; explicitFileType = wrapper.cfbundle; includeInIndex = 0; path = PlanDoUITests.xctest; sourceTree = BUILT_PRODUCTS_DIR; };
		EE9F90982983980100797D27 /* PlanDoUITests.swift */ = {isa = PBXFileReference; lastKnownFileType = sourcecode.swift; path = PlanDoUITests.swift; sourceTree = "<group>"; };
		EE9F909A2983980100797D27 /* PlanDoUITestsLaunchTests.swift */ = {isa = PBXFileReference; lastKnownFileType = sourcecode.swift; path = PlanDoUITestsLaunchTests.swift; sourceTree = "<group>"; };
		EE9F90A72983985D00797D27 /* MainView.swift */ = {isa = PBXFileReference; lastKnownFileType = sourcecode.swift; path = MainView.swift; sourceTree = "<group>"; };
		EE9F90E82983E41700797D27 /* PlanDoTableViewCell.swift */ = {isa = PBXFileReference; fileEncoding = 4; lastKnownFileType = sourcecode.swift; path = PlanDoTableViewCell.swift; sourceTree = "<group>"; };
		EE9F912F29876B7600797D27 /* PlanDoTableViewHeader.swift */ = {isa = PBXFileReference; lastKnownFileType = sourcecode.swift; path = PlanDoTableViewHeader.swift; sourceTree = "<group>"; };
		EEC894FB29C95BF000184B83 /* HeaderView.swift */ = {isa = PBXFileReference; lastKnownFileType = sourcecode.swift; path = HeaderView.swift; sourceTree = "<group>"; };
		EEC894FD29C95D6000184B83 /* NewPlanDoViewModel.swift */ = {isa = PBXFileReference; lastKnownFileType = sourcecode.swift; path = NewPlanDoViewModel.swift; sourceTree = "<group>"; };
		EEC8950129C9624600184B83 /* TitleCell.swift */ = {isa = PBXFileReference; lastKnownFileType = sourcecode.swift; path = TitleCell.swift; sourceTree = "<group>"; };
		EEC8950529C9687E00184B83 /* TitleCellViewModel.swift */ = {isa = PBXFileReference; lastKnownFileType = sourcecode.swift; path = TitleCellViewModel.swift; sourceTree = "<group>"; };
		EEC8950729C96A4100184B83 /* HeaderViewModel.swift */ = {isa = PBXFileReference; lastKnownFileType = sourcecode.swift; path = HeaderViewModel.swift; sourceTree = "<group>"; };
		EEC8950B29C9703400184B83 /* StarButton.swift */ = {isa = PBXFileReference; lastKnownFileType = sourcecode.swift; path = StarButton.swift; sourceTree = "<group>"; };
		EEC8950D29C97DC400184B83 /* DateCell.swift */ = {isa = PBXFileReference; lastKnownFileType = sourcecode.swift; path = DateCell.swift; sourceTree = "<group>"; };
		EEC8951029C97DDC00184B83 /* DateViewModel.swift */ = {isa = PBXFileReference; lastKnownFileType = sourcecode.swift; path = DateViewModel.swift; sourceTree = "<group>"; };
		EEC8955329C98EEE00184B83 /* DetailCell.swift */ = {isa = PBXFileReference; lastKnownFileType = sourcecode.swift; path = DetailCell.swift; sourceTree = "<group>"; };
		EEC8955529C98EFB00184B83 /* DetailViewModel.swift */ = {isa = PBXFileReference; lastKnownFileType = sourcecode.swift; path = DetailViewModel.swift; sourceTree = "<group>"; };
		EED025D629A9F1C0003D5E30 /* ListView.swift */ = {isa = PBXFileReference; lastKnownFileType = sourcecode.swift; path = ListView.swift; sourceTree = "<group>"; };
		EED025DC29A9F3B9003D5E30 /* CalendarView.swift */ = {isa = PBXFileReference; lastKnownFileType = sourcecode.swift; path = CalendarView.swift; sourceTree = "<group>"; };
		EED025DE29A9F4C0003D5E30 /* AddButton.swift */ = {isa = PBXFileReference; lastKnownFileType = sourcecode.swift; path = AddButton.swift; sourceTree = "<group>"; };
		EED025E029A9F9CF003D5E30 /* MainViewModel.swift */ = {isa = PBXFileReference; lastKnownFileType = sourcecode.swift; path = MainViewModel.swift; sourceTree = "<group>"; };
		EED025E229A9F9EE003D5E30 /* ListViewModel.swift */ = {isa = PBXFileReference; lastKnownFileType = sourcecode.swift; path = ListViewModel.swift; sourceTree = "<group>"; };
		EED025E429A9F9FC003D5E30 /* SearchViewModel.swift */ = {isa = PBXFileReference; lastKnownFileType = sourcecode.swift; path = SearchViewModel.swift; sourceTree = "<group>"; };
		EED025E629A9FA10003D5E30 /* CalendarViewModel.swift */ = {isa = PBXFileReference; lastKnownFileType = sourcecode.swift; path = CalendarViewModel.swift; sourceTree = "<group>"; };
		EED025E829A9FA62003D5E30 /* AddButtonViewModel.swift */ = {isa = PBXFileReference; lastKnownFileType = sourcecode.swift; path = AddButtonViewModel.swift; sourceTree = "<group>"; };
		EED025ED29AA0154003D5E30 /* FetchNetworkError.swift */ = {isa = PBXFileReference; lastKnownFileType = sourcecode.swift; path = FetchNetworkError.swift; sourceTree = "<group>"; };
		EED0264229ADE2EC003D5E30 /* MainModel.swift */ = {isa = PBXFileReference; lastKnownFileType = sourcecode.swift; path = MainModel.swift; sourceTree = "<group>"; };
		EED2181B29C8BA5C00BA3CA3 /* NewPlanDoView.swift */ = {isa = PBXFileReference; lastKnownFileType = sourcecode.swift; path = NewPlanDoView.swift; sourceTree = "<group>"; };
		EEFEBA8A29983CF0006219ED /* PlanDo.swift */ = {isa = PBXFileReference; lastKnownFileType = sourcecode.swift; path = PlanDo.swift; sourceTree = "<group>"; };
		EEFEBA90299851AA006219ED /* Storage.swift */ = {isa = PBXFileReference; fileEncoding = 4; lastKnownFileType = sourcecode.swift; path = Storage.swift; sourceTree = "<group>"; };
/* End PBXFileReference section */

/* Begin PBXFrameworksBuildPhase section */
		EE9F9071298397FF00797D27 /* Frameworks */ = {
			isa = PBXFrameworksBuildPhase;
			buildActionMask = 2147483647;
			files = (
				EEFEBA962998591E006219ED /* Kingfisher in Frameworks */,
				EE9F90AB2983987200797D27 /* SnapKit in Frameworks */,
				9BDE4FF4D255DDA90132C8FE /* Pods_PlanDo.framework in Frameworks */,
			);
			runOnlyForDeploymentPostprocessing = 0;
		};
		EE9F90872983980100797D27 /* Frameworks */ = {
			isa = PBXFrameworksBuildPhase;
			buildActionMask = 2147483647;
			files = (
			);
			runOnlyForDeploymentPostprocessing = 0;
		};
		EE9F90912983980100797D27 /* Frameworks */ = {
			isa = PBXFrameworksBuildPhase;
			buildActionMask = 2147483647;
			files = (
			);
			runOnlyForDeploymentPostprocessing = 0;
		};
/* End PBXFrameworksBuildPhase section */

/* Begin PBXGroup section */
		14DD458F6289033436FC4950 /* Frameworks */ = {
			isa = PBXGroup;
			children = (
				BE0DF282AFD67417F0BAE2DB /* Pods_PlanDo.framework */,
			);
			name = Frameworks;
			sourceTree = "<group>";
		};
		1A8AA03318B227F9BAC1DD35 /* Pods */ = {
			isa = PBXGroup;
			children = (
				4251F1CE7CD1C16C9BD72CCF /* Pods-PlanDo.debug.xcconfig */,
				42A82B7299F027826A894AB6 /* Pods-PlanDo.release.xcconfig */,
			);
			path = Pods;
			sourceTree = "<group>";
		};
		EE9F906B298397FF00797D27 = {
			isa = PBXGroup;
			children = (
				EE4EB83629A22E4E001A2CDA /* Transforming_Operator.playground */,
				EE9F9076298397FF00797D27 /* PlanDo */,
				EE9F908D2983980100797D27 /* PlanDoTests */,
				EE9F90972983980100797D27 /* PlanDoUITests */,
				EE9F9075298397FF00797D27 /* Products */,
				1A8AA03318B227F9BAC1DD35 /* Pods */,
				14DD458F6289033436FC4950 /* Frameworks */,
			);
			sourceTree = "<group>";
		};
		EE9F9075298397FF00797D27 /* Products */ = {
			isa = PBXGroup;
			children = (
				EE9F9074298397FF00797D27 /* PlanDo.app */,
				EE9F908A2983980100797D27 /* PlanDoTests.xctest */,
				EE9F90942983980100797D27 /* PlanDoUITests.xctest */,
			);
			name = Products;
			sourceTree = "<group>";
		};
		EE9F9076298397FF00797D27 /* PlanDo */ = {
			isa = PBXGroup;
			children = (
				EED025EC29AA011F003D5E30 /* Entity */,
				EED025D829A9F1D9003D5E30 /* Views */,
				EE9F9077298397FF00797D27 /* AppDelegate.swift */,
				EE9F9079298397FF00797D27 /* SceneDelegate.swift */,
				EE9F90802983980000797D27 /* Assets.xcassets */,
				EE9F90822983980000797D27 /* LaunchScreen.storyboard */,
				EE9F90852983980000797D27 /* Info.plist */,
			);
			path = PlanDo;
			sourceTree = "<group>";
		};
		EE9F908D2983980100797D27 /* PlanDoTests */ = {
			isa = PBXGroup;
			children = (
				EE9F908E2983980100797D27 /* PlanDoTests.swift */,
			);
			path = PlanDoTests;
			sourceTree = "<group>";
		};
		EE9F90972983980100797D27 /* PlanDoUITests */ = {
			isa = PBXGroup;
			children = (
				EE9F90982983980100797D27 /* PlanDoUITests.swift */,
				EE9F909A2983980100797D27 /* PlanDoUITestsLaunchTests.swift */,
			);
			path = PlanDoUITests;
			sourceTree = "<group>";
		};
		EEC894FA29C95BD200184B83 /* Sub */ = {
			isa = PBXGroup;
			children = (
				EEC894FD29C95D6000184B83 /* NewPlanDoViewModel.swift */,
				EED2181B29C8BA5C00BA3CA3 /* NewPlanDoView.swift */,
				EEC8950029C961FE00184B83 /* Cell */,
				EEC894FF29C961F400184B83 /* Header */,
			);
			path = Sub;
			sourceTree = "<group>";
		};
		EEC894FF29C961F400184B83 /* Header */ = {
			isa = PBXGroup;
			children = (
				EEC894FB29C95BF000184B83 /* HeaderView.swift */,
				EEC8950729C96A4100184B83 /* HeaderViewModel.swift */,
			);
			path = Header;
			sourceTree = "<group>";
		};
		EEC8950029C961FE00184B83 /* Cell */ = {
			isa = PBXGroup;
			children = (
				EEC8950929C96FE000184B83 /* Title */,
				EEC8950F29C97DCA00184B83 /* Date */,
				EEC8955229C98EC300184B83 /* Detail */,
			);
			path = Cell;
			sourceTree = "<group>";
		};
		EEC8950929C96FE000184B83 /* Title */ = {
			isa = PBXGroup;
			children = (
				EEC8950A29C9700300184B83 /* StarButton */,
				EEC8950129C9624600184B83 /* TitleCell.swift */,
				EEC8950529C9687E00184B83 /* TitleCellViewModel.swift */,
			);
			path = Title;
			sourceTree = "<group>";
		};
		EEC8950A29C9700300184B83 /* StarButton */ = {
			isa = PBXGroup;
			children = (
				EEC8950B29C9703400184B83 /* StarButton.swift */,
			);
			path = StarButton;
			sourceTree = "<group>";
		};
		EEC8950F29C97DCA00184B83 /* Date */ = {
			isa = PBXGroup;
			children = (
				EEC8950D29C97DC400184B83 /* DateCell.swift */,
				EEC8951029C97DDC00184B83 /* DateViewModel.swift */,
			);
			path = Date;
			sourceTree = "<group>";
		};
		EEC8955229C98EC300184B83 /* Detail */ = {
			isa = PBXGroup;
			children = (
				EEC8955329C98EEE00184B83 /* DetailCell.swift */,
				EEC8955529C98EFB00184B83 /* DetailViewModel.swift */,
			);
			path = Detail;
			sourceTree = "<group>";
		};
		EEC8955729C9A26100184B83 /* Main */ = {
			isa = PBXGroup;
			children = (
				EED025E029A9F9CF003D5E30 /* MainViewModel.swift */,
				EE9F90A72983985D00797D27 /* MainView.swift */,
			);
			path = Main;
			sourceTree = "<group>";
		};
		EEC8955829C9A28500184B83 /* Sub */ = {
			isa = PBXGroup;
			children = (
				EEC8955929C9A29800184B83 /* ListView */,
				EEC8955A29C9A2A700184B83 /* SearchBar */,
				EEC8955B29C9A2B500184B83 /* Calendar */,
				EEC8955C29C9A2C500184B83 /* AddButton */,
			);
			path = Sub;
			sourceTree = "<group>";
		};
		EEC8955929C9A29800184B83 /* ListView */ = {
			isa = PBXGroup;
			children = (
				EED025E229A9F9EE003D5E30 /* ListViewModel.swift */,
				EED025D629A9F1C0003D5E30 /* ListView.swift */,
				EEC8955D29C9A3D600184B83 /* ListViewCell */,
			);
			path = ListView;
			sourceTree = "<group>";
		};
		EEC8955A29C9A2A700184B83 /* SearchBar */ = {
			isa = PBXGroup;
			children = (
				EED025E429A9F9FC003D5E30 /* SearchViewModel.swift */,
				EE4EB83429A227BB001A2CDA /* SearchBar.swift */,
			);
			path = SearchBar;
			sourceTree = "<group>";
		};
		EEC8955B29C9A2B500184B83 /* Calendar */ = {
			isa = PBXGroup;
			children = (
				EED025E629A9FA10003D5E30 /* CalendarViewModel.swift */,
				EED025DC29A9F3B9003D5E30 /* CalendarView.swift */,
			);
			path = Calendar;
			sourceTree = "<group>";
		};
		EEC8955C29C9A2C500184B83 /* AddButton */ = {
			isa = PBXGroup;
			children = (
				EED025E829A9FA62003D5E30 /* AddButtonViewModel.swift */,
				EED025DE29A9F4C0003D5E30 /* AddButton.swift */,
			);
			path = AddButton;
			sourceTree = "<group>";
		};
		EEC8955D29C9A3D600184B83 /* ListViewCell */ = {
			isa = PBXGroup;
			children = (
				EE9F90E82983E41700797D27 /* PlanDoTableViewCell.swift */,
				EE9F912F29876B7600797D27 /* PlanDoTableViewHeader.swift */,
			);
			path = ListViewCell;
			sourceTree = "<group>";
		};
		EED025D829A9F1D9003D5E30 /* Views */ = {
			isa = PBXGroup;
			children = (
				EED025DB29A9F269003D5E30 /* NewPlanDo */,
				EED025DA29A9F24D003D5E30 /* Main */,
			);
			path = Views;
			sourceTree = "<group>";
		};
		EED025DA29A9F24D003D5E30 /* Main */ = {
			isa = PBXGroup;
			children = (
				EEC8955729C9A26100184B83 /* Main */,
				EEC8955829C9A28500184B83 /* Sub */,
			);
			path = Main;
			sourceTree = "<group>";
		};
		EED025DB29A9F269003D5E30 /* NewPlanDo */ = {
			isa = PBXGroup;
			children = (
				EED2181A29C8BA2D00BA3CA3 /* NewPlanDo */,
			);
			path = NewPlanDo;
			sourceTree = "<group>";
		};
		EED025EC29AA011F003D5E30 /* Entity */ = {
			isa = PBXGroup;
			children = (
				EEFEBA8A29983CF0006219ED /* PlanDo.swift */,
				EED025ED29AA0154003D5E30 /* FetchNetworkError.swift */,
				EED0264229ADE2EC003D5E30 /* MainModel.swift */,
				EEFEBA90299851AA006219ED /* Storage.swift */,
			);
			path = Entity;
			sourceTree = "<group>";
		};
		EED2181A29C8BA2D00BA3CA3 /* NewPlanDo */ = {
			isa = PBXGroup;
			children = (
				EEC894FA29C95BD200184B83 /* Sub */,
			);
			path = NewPlanDo;
			sourceTree = "<group>";
		};
/* End PBXGroup section */

/* Begin PBXNativeTarget section */
		EE9F9073298397FF00797D27 /* PlanDo */ = {
			isa = PBXNativeTarget;
			buildConfigurationList = EE9F909E2983980100797D27 /* Build configuration list for PBXNativeTarget "PlanDo" */;
			buildPhases = (
				4F41D4DA862148C560575D5C /* [CP] Check Pods Manifest.lock */,
				EE9F9070298397FF00797D27 /* Sources */,
				EE9F9071298397FF00797D27 /* Frameworks */,
				EE9F9072298397FF00797D27 /* Resources */,
				C195FF4A28D29BD55EEF115B /* [CP] Embed Pods Frameworks */,
			);
			buildRules = (
			);
			dependencies = (
			);
			name = PlanDo;
			packageProductDependencies = (
				EE9F90AA2983987200797D27 /* SnapKit */,
				EEFEBA952998591E006219ED /* Kingfisher */,
			);
			productName = PlanDo;
			productReference = EE9F9074298397FF00797D27 /* PlanDo.app */;
			productType = "com.apple.product-type.application";
		};
		EE9F90892983980100797D27 /* PlanDoTests */ = {
			isa = PBXNativeTarget;
			buildConfigurationList = EE9F90A12983980100797D27 /* Build configuration list for PBXNativeTarget "PlanDoTests" */;
			buildPhases = (
				EE9F90862983980100797D27 /* Sources */,
				EE9F90872983980100797D27 /* Frameworks */,
				EE9F90882983980100797D27 /* Resources */,
			);
			buildRules = (
			);
			dependencies = (
				EE9F908C2983980100797D27 /* PBXTargetDependency */,
			);
			name = PlanDoTests;
			productName = PlanDoTests;
			productReference = EE9F908A2983980100797D27 /* PlanDoTests.xctest */;
			productType = "com.apple.product-type.bundle.unit-test";
		};
		EE9F90932983980100797D27 /* PlanDoUITests */ = {
			isa = PBXNativeTarget;
			buildConfigurationList = EE9F90A42983980100797D27 /* Build configuration list for PBXNativeTarget "PlanDoUITests" */;
			buildPhases = (
				EE9F90902983980100797D27 /* Sources */,
				EE9F90912983980100797D27 /* Frameworks */,
				EE9F90922983980100797D27 /* Resources */,
			);
			buildRules = (
			);
			dependencies = (
				EE9F90962983980100797D27 /* PBXTargetDependency */,
			);
			name = PlanDoUITests;
			productName = PlanDoUITests;
			productReference = EE9F90942983980100797D27 /* PlanDoUITests.xctest */;
			productType = "com.apple.product-type.bundle.ui-testing";
		};
/* End PBXNativeTarget section */

/* Begin PBXProject section */
		EE9F906C298397FF00797D27 /* Project object */ = {
			isa = PBXProject;
			attributes = {
				BuildIndependentTargetsInParallel = 1;
				LastSwiftUpdateCheck = 1420;
				LastUpgradeCheck = 1420;
				TargetAttributes = {
					EE9F9073298397FF00797D27 = {
						CreatedOnToolsVersion = 14.2;
					};
					EE9F90892983980100797D27 = {
						CreatedOnToolsVersion = 14.2;
						TestTargetID = EE9F9073298397FF00797D27;
					};
					EE9F90932983980100797D27 = {
						CreatedOnToolsVersion = 14.2;
						TestTargetID = EE9F9073298397FF00797D27;
					};
				};
			};
			buildConfigurationList = EE9F906F298397FF00797D27 /* Build configuration list for PBXProject "PlanDo" */;
			compatibilityVersion = "Xcode 14.0";
			developmentRegion = en;
			hasScannedForEncodings = 0;
			knownRegions = (
				en,
				Base,
			);
			mainGroup = EE9F906B298397FF00797D27;
			packageReferences = (
				EE9F90A92983987200797D27 /* XCRemoteSwiftPackageReference "SnapKit" */,
				EEFEBA942998591E006219ED /* XCRemoteSwiftPackageReference "Kingfisher" */,
			);
			productRefGroup = EE9F9075298397FF00797D27 /* Products */;
			projectDirPath = "";
			projectRoot = "";
			targets = (
				EE9F9073298397FF00797D27 /* PlanDo */,
				EE9F90892983980100797D27 /* PlanDoTests */,
				EE9F90932983980100797D27 /* PlanDoUITests */,
			);
		};
/* End PBXProject section */

/* Begin PBXResourcesBuildPhase section */
		EE9F9072298397FF00797D27 /* Resources */ = {
			isa = PBXResourcesBuildPhase;
			buildActionMask = 2147483647;
			files = (
				EE9F90842983980000797D27 /* LaunchScreen.storyboard in Resources */,
				EE9F90812983980000797D27 /* Assets.xcassets in Resources */,
			);
			runOnlyForDeploymentPostprocessing = 0;
		};
		EE9F90882983980100797D27 /* Resources */ = {
			isa = PBXResourcesBuildPhase;
			buildActionMask = 2147483647;
			files = (
			);
			runOnlyForDeploymentPostprocessing = 0;
		};
		EE9F90922983980100797D27 /* Resources */ = {
			isa = PBXResourcesBuildPhase;
			buildActionMask = 2147483647;
			files = (
			);
			runOnlyForDeploymentPostprocessing = 0;
		};
/* End PBXResourcesBuildPhase section */

/* Begin PBXShellScriptBuildPhase section */
		4F41D4DA862148C560575D5C /* [CP] Check Pods Manifest.lock */ = {
			isa = PBXShellScriptBuildPhase;
			buildActionMask = 2147483647;
			files = (
			);
			inputFileListPaths = (
			);
			inputPaths = (
				"${PODS_PODFILE_DIR_PATH}/Podfile.lock",
				"${PODS_ROOT}/Manifest.lock",
			);
			name = "[CP] Check Pods Manifest.lock";
			outputFileListPaths = (
			);
			outputPaths = (
				"$(DERIVED_FILE_DIR)/Pods-PlanDo-checkManifestLockResult.txt",
			);
			runOnlyForDeploymentPostprocessing = 0;
			shellPath = /bin/sh;
			shellScript = "diff \"${PODS_PODFILE_DIR_PATH}/Podfile.lock\" \"${PODS_ROOT}/Manifest.lock\" > /dev/null\nif [ $? != 0 ] ; then\n    # print error to STDERR\n    echo \"error: The sandbox is not in sync with the Podfile.lock. Run 'pod install' or update your CocoaPods installation.\" >&2\n    exit 1\nfi\n# This output is used by Xcode 'outputs' to avoid re-running this script phase.\necho \"SUCCESS\" > \"${SCRIPT_OUTPUT_FILE_0}\"\n";
			showEnvVarsInLog = 0;
		};
		C195FF4A28D29BD55EEF115B /* [CP] Embed Pods Frameworks */ = {
			isa = PBXShellScriptBuildPhase;
			buildActionMask = 2147483647;
			files = (
			);
			inputFileListPaths = (
				"${PODS_ROOT}/Target Support Files/Pods-PlanDo/Pods-PlanDo-frameworks-${CONFIGURATION}-input-files.xcfilelist",
			);
			name = "[CP] Embed Pods Frameworks";
			outputFileListPaths = (
				"${PODS_ROOT}/Target Support Files/Pods-PlanDo/Pods-PlanDo-frameworks-${CONFIGURATION}-output-files.xcfilelist",
			);
			runOnlyForDeploymentPostprocessing = 0;
			shellPath = /bin/sh;
			shellScript = "\"${PODS_ROOT}/Target Support Files/Pods-PlanDo/Pods-PlanDo-frameworks.sh\"\n";
			showEnvVarsInLog = 0;
		};
/* End PBXShellScriptBuildPhase section */

/* Begin PBXSourcesBuildPhase section */
		EE9F9070298397FF00797D27 /* Sources */ = {
			isa = PBXSourcesBuildPhase;
			buildActionMask = 2147483647;
			files = (
				EE4EB83529A227BB001A2CDA /* SearchBar.swift in Sources */,
				EED2181C29C8BA5C00BA3CA3 /* NewPlanDoView.swift in Sources */,
				EE9F90A82983985D00797D27 /* MainView.swift in Sources */,
				EE9F9078298397FF00797D27 /* AppDelegate.swift in Sources */,
				EED025EE29AA0154003D5E30 /* FetchNetworkError.swift in Sources */,
				EEC8950229C9624600184B83 /* TitleCell.swift in Sources */,
				EED025DF29A9F4C0003D5E30 /* AddButton.swift in Sources */,
				EE9F90E92983E41700797D27 /* PlanDoTableViewCell.swift in Sources */,
				EEFEBA8B29983CF0006219ED /* PlanDo.swift in Sources */,
				EED025E529A9F9FC003D5E30 /* SearchViewModel.swift in Sources */,
				EE9F907A298397FF00797D27 /* SceneDelegate.swift in Sources */,
				EE9F913029876B7600797D27 /* PlanDoTableViewHeader.swift in Sources */,
				EED025DD29A9F3B9003D5E30 /* CalendarView.swift in Sources */,
				EED0264329ADE2EC003D5E30 /* MainModel.swift in Sources */,
				EEC8950C29C9703400184B83 /* StarButton.swift in Sources */,
				EEC8955629C98EFB00184B83 /* DetailViewModel.swift in Sources */,
				EED025E929A9FA62003D5E30 /* AddButtonViewModel.swift in Sources */,
				EED025D729A9F1C0003D5E30 /* ListView.swift in Sources */,
				EED025E729A9FA10003D5E30 /* CalendarViewModel.swift in Sources */,
				EEC8950629C9687E00184B83 /* TitleCellViewModel.swift in Sources */,
				EEC894FE29C95D6000184B83 /* NewPlanDoViewModel.swift in Sources */,
				EEC8955429C98EEE00184B83 /* DetailCell.swift in Sources */,
				EEC8950E29C97DC400184B83 /* DateCell.swift in Sources */,
				EEC8951129C97DDC00184B83 /* DateViewModel.swift in Sources */,
				EEC8950829C96A4100184B83 /* HeaderViewModel.swift in Sources */,
				EEC894FC29C95BF000184B83 /* HeaderView.swift in Sources */,
				EEFEBA91299851AA006219ED /* Storage.swift in Sources */,
				EED025E129A9F9CF003D5E30 /* MainViewModel.swift in Sources */,
				EED025E329A9F9EE003D5E30 /* ListViewModel.swift in Sources */,
			);
			runOnlyForDeploymentPostprocessing = 0;
		};
		EE9F90862983980100797D27 /* Sources */ = {
			isa = PBXSourcesBuildPhase;
			buildActionMask = 2147483647;
			files = (
				EE9F908F2983980100797D27 /* PlanDoTests.swift in Sources */,
			);
			runOnlyForDeploymentPostprocessing = 0;
		};
		EE9F90902983980100797D27 /* Sources */ = {
			isa = PBXSourcesBuildPhase;
			buildActionMask = 2147483647;
			files = (
				EE9F909B2983980100797D27 /* PlanDoUITestsLaunchTests.swift in Sources */,
				EE9F90992983980100797D27 /* PlanDoUITests.swift in Sources */,
			);
			runOnlyForDeploymentPostprocessing = 0;
		};
/* End PBXSourcesBuildPhase section */

/* Begin PBXTargetDependency section */
		EE9F908C2983980100797D27 /* PBXTargetDependency */ = {
			isa = PBXTargetDependency;
			target = EE9F9073298397FF00797D27 /* PlanDo */;
			targetProxy = EE9F908B2983980100797D27 /* PBXContainerItemProxy */;
		};
		EE9F90962983980100797D27 /* PBXTargetDependency */ = {
			isa = PBXTargetDependency;
			target = EE9F9073298397FF00797D27 /* PlanDo */;
			targetProxy = EE9F90952983980100797D27 /* PBXContainerItemProxy */;
		};
/* End PBXTargetDependency section */

/* Begin PBXVariantGroup section */
		EE9F90822983980000797D27 /* LaunchScreen.storyboard */ = {
			isa = PBXVariantGroup;
			children = (
				EE9F90832983980000797D27 /* Base */,
			);
			name = LaunchScreen.storyboard;
			sourceTree = "<group>";
		};
/* End PBXVariantGroup section */

/* Begin XCBuildConfiguration section */
		EE9F909C2983980100797D27 /* Debug */ = {
			isa = XCBuildConfiguration;
			buildSettings = {
				ALWAYS_SEARCH_USER_PATHS = NO;
				CLANG_ANALYZER_NONNULL = YES;
				CLANG_ANALYZER_NUMBER_OBJECT_CONVERSION = YES_AGGRESSIVE;
				CLANG_CXX_LANGUAGE_STANDARD = "gnu++20";
				CLANG_ENABLE_MODULES = YES;
				CLANG_ENABLE_OBJC_ARC = YES;
				CLANG_ENABLE_OBJC_WEAK = YES;
				CLANG_WARN_BLOCK_CAPTURE_AUTORELEASING = YES;
				CLANG_WARN_BOOL_CONVERSION = YES;
				CLANG_WARN_COMMA = YES;
				CLANG_WARN_CONSTANT_CONVERSION = YES;
				CLANG_WARN_DEPRECATED_OBJC_IMPLEMENTATIONS = YES;
				CLANG_WARN_DIRECT_OBJC_ISA_USAGE = YES_ERROR;
				CLANG_WARN_DOCUMENTATION_COMMENTS = YES;
				CLANG_WARN_EMPTY_BODY = YES;
				CLANG_WARN_ENUM_CONVERSION = YES;
				CLANG_WARN_INFINITE_RECURSION = YES;
				CLANG_WARN_INT_CONVERSION = YES;
				CLANG_WARN_NON_LITERAL_NULL_CONVERSION = YES;
				CLANG_WARN_OBJC_IMPLICIT_RETAIN_SELF = YES;
				CLANG_WARN_OBJC_LITERAL_CONVERSION = YES;
				CLANG_WARN_OBJC_ROOT_CLASS = YES_ERROR;
				CLANG_WARN_QUOTED_INCLUDE_IN_FRAMEWORK_HEADER = YES;
				CLANG_WARN_RANGE_LOOP_ANALYSIS = YES;
				CLANG_WARN_STRICT_PROTOTYPES = YES;
				CLANG_WARN_SUSPICIOUS_MOVE = YES;
				CLANG_WARN_UNGUARDED_AVAILABILITY = YES_AGGRESSIVE;
				CLANG_WARN_UNREACHABLE_CODE = YES;
				CLANG_WARN__DUPLICATE_METHOD_MATCH = YES;
				COPY_PHASE_STRIP = NO;
				DEBUG_INFORMATION_FORMAT = dwarf;
				ENABLE_STRICT_OBJC_MSGSEND = YES;
				ENABLE_TESTABILITY = YES;
				GCC_C_LANGUAGE_STANDARD = gnu11;
				GCC_DYNAMIC_NO_PIC = NO;
				GCC_NO_COMMON_BLOCKS = YES;
				GCC_OPTIMIZATION_LEVEL = 0;
				GCC_PREPROCESSOR_DEFINITIONS = (
					"DEBUG=1",
					"$(inherited)",
				);
				GCC_WARN_64_TO_32_BIT_CONVERSION = YES;
				GCC_WARN_ABOUT_RETURN_TYPE = YES_ERROR;
				GCC_WARN_UNDECLARED_SELECTOR = YES;
				GCC_WARN_UNINITIALIZED_AUTOS = YES_AGGRESSIVE;
				GCC_WARN_UNUSED_FUNCTION = YES;
				GCC_WARN_UNUSED_VARIABLE = YES;
				IPHONEOS_DEPLOYMENT_TARGET = 16.2;
				MTL_ENABLE_DEBUG_INFO = INCLUDE_SOURCE;
				MTL_FAST_MATH = YES;
				ONLY_ACTIVE_ARCH = YES;
				SDKROOT = iphoneos;
				SWIFT_ACTIVE_COMPILATION_CONDITIONS = DEBUG;
				SWIFT_OPTIMIZATION_LEVEL = "-Onone";
			};
			name = Debug;
		};
		EE9F909D2983980100797D27 /* Release */ = {
			isa = XCBuildConfiguration;
			buildSettings = {
				ALWAYS_SEARCH_USER_PATHS = NO;
				CLANG_ANALYZER_NONNULL = YES;
				CLANG_ANALYZER_NUMBER_OBJECT_CONVERSION = YES_AGGRESSIVE;
				CLANG_CXX_LANGUAGE_STANDARD = "gnu++20";
				CLANG_ENABLE_MODULES = YES;
				CLANG_ENABLE_OBJC_ARC = YES;
				CLANG_ENABLE_OBJC_WEAK = YES;
				CLANG_WARN_BLOCK_CAPTURE_AUTORELEASING = YES;
				CLANG_WARN_BOOL_CONVERSION = YES;
				CLANG_WARN_COMMA = YES;
				CLANG_WARN_CONSTANT_CONVERSION = YES;
				CLANG_WARN_DEPRECATED_OBJC_IMPLEMENTATIONS = YES;
				CLANG_WARN_DIRECT_OBJC_ISA_USAGE = YES_ERROR;
				CLANG_WARN_DOCUMENTATION_COMMENTS = YES;
				CLANG_WARN_EMPTY_BODY = YES;
				CLANG_WARN_ENUM_CONVERSION = YES;
				CLANG_WARN_INFINITE_RECURSION = YES;
				CLANG_WARN_INT_CONVERSION = YES;
				CLANG_WARN_NON_LITERAL_NULL_CONVERSION = YES;
				CLANG_WARN_OBJC_IMPLICIT_RETAIN_SELF = YES;
				CLANG_WARN_OBJC_LITERAL_CONVERSION = YES;
				CLANG_WARN_OBJC_ROOT_CLASS = YES_ERROR;
				CLANG_WARN_QUOTED_INCLUDE_IN_FRAMEWORK_HEADER = YES;
				CLANG_WARN_RANGE_LOOP_ANALYSIS = YES;
				CLANG_WARN_STRICT_PROTOTYPES = YES;
				CLANG_WARN_SUSPICIOUS_MOVE = YES;
				CLANG_WARN_UNGUARDED_AVAILABILITY = YES_AGGRESSIVE;
				CLANG_WARN_UNREACHABLE_CODE = YES;
				CLANG_WARN__DUPLICATE_METHOD_MATCH = YES;
				COPY_PHASE_STRIP = NO;
				DEBUG_INFORMATION_FORMAT = "dwarf-with-dsym";
				ENABLE_NS_ASSERTIONS = NO;
				ENABLE_STRICT_OBJC_MSGSEND = YES;
				GCC_C_LANGUAGE_STANDARD = gnu11;
				GCC_NO_COMMON_BLOCKS = YES;
				GCC_WARN_64_TO_32_BIT_CONVERSION = YES;
				GCC_WARN_ABOUT_RETURN_TYPE = YES_ERROR;
				GCC_WARN_UNDECLARED_SELECTOR = YES;
				GCC_WARN_UNINITIALIZED_AUTOS = YES_AGGRESSIVE;
				GCC_WARN_UNUSED_FUNCTION = YES;
				GCC_WARN_UNUSED_VARIABLE = YES;
				IPHONEOS_DEPLOYMENT_TARGET = 16.2;
				MTL_ENABLE_DEBUG_INFO = NO;
				MTL_FAST_MATH = YES;
				SDKROOT = iphoneos;
				SWIFT_COMPILATION_MODE = wholemodule;
				SWIFT_OPTIMIZATION_LEVEL = "-O";
				VALIDATE_PRODUCT = YES;
			};
			name = Release;
		};
		EE9F909F2983980100797D27 /* Debug */ = {
			isa = XCBuildConfiguration;
			baseConfigurationReference = 4251F1CE7CD1C16C9BD72CCF /* Pods-PlanDo.debug.xcconfig */;
			buildSettings = {
				ASSETCATALOG_COMPILER_APPICON_NAME = AppIcon;
				ASSETCATALOG_COMPILER_GLOBAL_ACCENT_COLOR_NAME = AccentColor;
				CODE_SIGN_STYLE = Automatic;
				CURRENT_PROJECT_VERSION = 1;
				DEVELOPMENT_TEAM = Q4A6TH8JR3;
				GENERATE_INFOPLIST_FILE = YES;
				INFOPLIST_FILE = PlanDo/Info.plist;
				INFOPLIST_KEY_UIApplicationSupportsIndirectInputEvents = YES;
				INFOPLIST_KEY_UILaunchStoryboardName = LaunchScreen;
				INFOPLIST_KEY_UISupportedInterfaceOrientations_iPad = "UIInterfaceOrientationPortrait UIInterfaceOrientationPortraitUpsideDown UIInterfaceOrientationLandscapeLeft UIInterfaceOrientationLandscapeRight";
				INFOPLIST_KEY_UISupportedInterfaceOrientations_iPhone = "UIInterfaceOrientationPortrait UIInterfaceOrientationLandscapeLeft UIInterfaceOrientationLandscapeRight";
				LD_RUNPATH_SEARCH_PATHS = (
					"$(inherited)",
					"@executable_path/Frameworks",
				);
				MARKETING_VERSION = 1.0;
				PRODUCT_BUNDLE_IDENTIFIER = mrunzap.PlanDo;
				PRODUCT_NAME = "$(TARGET_NAME)";
				SWIFT_EMIT_LOC_STRINGS = YES;
				SWIFT_VERSION = 5.0;
				TARGETED_DEVICE_FAMILY = "1,2";
			};
			name = Debug;
		};
		EE9F90A02983980100797D27 /* Release */ = {
			isa = XCBuildConfiguration;
			baseConfigurationReference = 42A82B7299F027826A894AB6 /* Pods-PlanDo.release.xcconfig */;
			buildSettings = {
				ASSETCATALOG_COMPILER_APPICON_NAME = AppIcon;
				ASSETCATALOG_COMPILER_GLOBAL_ACCENT_COLOR_NAME = AccentColor;
				CODE_SIGN_STYLE = Automatic;
				CURRENT_PROJECT_VERSION = 1;
				DEVELOPMENT_TEAM = Q4A6TH8JR3;
				GENERATE_INFOPLIST_FILE = YES;
				INFOPLIST_FILE = PlanDo/Info.plist;
				INFOPLIST_KEY_UIApplicationSupportsIndirectInputEvents = YES;
				INFOPLIST_KEY_UILaunchStoryboardName = LaunchScreen;
				INFOPLIST_KEY_UISupportedInterfaceOrientations_iPad = "UIInterfaceOrientationPortrait UIInterfaceOrientationPortraitUpsideDown UIInterfaceOrientationLandscapeLeft UIInterfaceOrientationLandscapeRight";
				INFOPLIST_KEY_UISupportedInterfaceOrientations_iPhone = "UIInterfaceOrientationPortrait UIInterfaceOrientationLandscapeLeft UIInterfaceOrientationLandscapeRight";
				LD_RUNPATH_SEARCH_PATHS = (
					"$(inherited)",
					"@executable_path/Frameworks",
				);
				MARKETING_VERSION = 1.0;
				PRODUCT_BUNDLE_IDENTIFIER = mrunzap.PlanDo;
				PRODUCT_NAME = "$(TARGET_NAME)";
				SWIFT_EMIT_LOC_STRINGS = YES;
				SWIFT_VERSION = 5.0;
				TARGETED_DEVICE_FAMILY = "1,2";
			};
			name = Release;
		};
		EE9F90A22983980100797D27 /* Debug */ = {
			isa = XCBuildConfiguration;
			buildSettings = {
				ALWAYS_EMBED_SWIFT_STANDARD_LIBRARIES = YES;
				BUNDLE_LOADER = "$(TEST_HOST)";
				CODE_SIGN_STYLE = Automatic;
				CURRENT_PROJECT_VERSION = 1;
				DEVELOPMENT_TEAM = Q4A6TH8JR3;
				GENERATE_INFOPLIST_FILE = YES;
				IPHONEOS_DEPLOYMENT_TARGET = 16.2;
				MARKETING_VERSION = 1.0;
				PRODUCT_BUNDLE_IDENTIFIER = mrunzap.PlanDoTests;
				PRODUCT_NAME = "$(TARGET_NAME)";
				SWIFT_EMIT_LOC_STRINGS = NO;
				SWIFT_VERSION = 5.0;
				TARGETED_DEVICE_FAMILY = "1,2";
				TEST_HOST = "$(BUILT_PRODUCTS_DIR)/PlanDo.app/$(BUNDLE_EXECUTABLE_FOLDER_PATH)/PlanDo";
			};
			name = Debug;
		};
		EE9F90A32983980100797D27 /* Release */ = {
			isa = XCBuildConfiguration;
			buildSettings = {
				ALWAYS_EMBED_SWIFT_STANDARD_LIBRARIES = YES;
				BUNDLE_LOADER = "$(TEST_HOST)";
				CODE_SIGN_STYLE = Automatic;
				CURRENT_PROJECT_VERSION = 1;
				DEVELOPMENT_TEAM = Q4A6TH8JR3;
				GENERATE_INFOPLIST_FILE = YES;
				IPHONEOS_DEPLOYMENT_TARGET = 16.2;
				MARKETING_VERSION = 1.0;
				PRODUCT_BUNDLE_IDENTIFIER = mrunzap.PlanDoTests;
				PRODUCT_NAME = "$(TARGET_NAME)";
				SWIFT_EMIT_LOC_STRINGS = NO;
				SWIFT_VERSION = 5.0;
				TARGETED_DEVICE_FAMILY = "1,2";
				TEST_HOST = "$(BUILT_PRODUCTS_DIR)/PlanDo.app/$(BUNDLE_EXECUTABLE_FOLDER_PATH)/PlanDo";
			};
			name = Release;
		};
		EE9F90A52983980100797D27 /* Debug */ = {
			isa = XCBuildConfiguration;
			buildSettings = {
				ALWAYS_EMBED_SWIFT_STANDARD_LIBRARIES = YES;
				CODE_SIGN_STYLE = Automatic;
				CURRENT_PROJECT_VERSION = 1;
				DEVELOPMENT_TEAM = Q4A6TH8JR3;
				GENERATE_INFOPLIST_FILE = YES;
				MARKETING_VERSION = 1.0;
				PRODUCT_BUNDLE_IDENTIFIER = mrunzap.PlanDoUITests;
				PRODUCT_NAME = "$(TARGET_NAME)";
				SWIFT_EMIT_LOC_STRINGS = NO;
				SWIFT_VERSION = 5.0;
				TARGETED_DEVICE_FAMILY = "1,2";
				TEST_TARGET_NAME = PlanDo;
			};
			name = Debug;
		};
		EE9F90A62983980100797D27 /* Release */ = {
			isa = XCBuildConfiguration;
			buildSettings = {
				ALWAYS_EMBED_SWIFT_STANDARD_LIBRARIES = YES;
				CODE_SIGN_STYLE = Automatic;
				CURRENT_PROJECT_VERSION = 1;
				DEVELOPMENT_TEAM = Q4A6TH8JR3;
				GENERATE_INFOPLIST_FILE = YES;
				MARKETING_VERSION = 1.0;
				PRODUCT_BUNDLE_IDENTIFIER = mrunzap.PlanDoUITests;
				PRODUCT_NAME = "$(TARGET_NAME)";
				SWIFT_EMIT_LOC_STRINGS = NO;
				SWIFT_VERSION = 5.0;
				TARGETED_DEVICE_FAMILY = "1,2";
				TEST_TARGET_NAME = PlanDo;
			};
			name = Release;
		};
/* End XCBuildConfiguration section */

/* Begin XCConfigurationList section */
		EE9F906F298397FF00797D27 /* Build configuration list for PBXProject "PlanDo" */ = {
			isa = XCConfigurationList;
			buildConfigurations = (
				EE9F909C2983980100797D27 /* Debug */,
				EE9F909D2983980100797D27 /* Release */,
			);
			defaultConfigurationIsVisible = 0;
			defaultConfigurationName = Release;
		};
		EE9F909E2983980100797D27 /* Build configuration list for PBXNativeTarget "PlanDo" */ = {
			isa = XCConfigurationList;
			buildConfigurations = (
				EE9F909F2983980100797D27 /* Debug */,
				EE9F90A02983980100797D27 /* Release */,
			);
			defaultConfigurationIsVisible = 0;
			defaultConfigurationName = Release;
		};
		EE9F90A12983980100797D27 /* Build configuration list for PBXNativeTarget "PlanDoTests" */ = {
			isa = XCConfigurationList;
			buildConfigurations = (
				EE9F90A22983980100797D27 /* Debug */,
				EE9F90A32983980100797D27 /* Release */,
			);
			defaultConfigurationIsVisible = 0;
			defaultConfigurationName = Release;
		};
		EE9F90A42983980100797D27 /* Build configuration list for PBXNativeTarget "PlanDoUITests" */ = {
			isa = XCConfigurationList;
			buildConfigurations = (
				EE9F90A52983980100797D27 /* Debug */,
				EE9F90A62983980100797D27 /* Release */,
			);
			defaultConfigurationIsVisible = 0;
			defaultConfigurationName = Release;
		};
/* End XCConfigurationList section */

/* Begin XCRemoteSwiftPackageReference section */
		EE9F90A92983987200797D27 /* XCRemoteSwiftPackageReference "SnapKit" */ = {
			isa = XCRemoteSwiftPackageReference;
			repositoryURL = "https://github.com/SnapKit/SnapKit.git";
			requirement = {
				branch = develop;
				kind = branch;
			};
		};
		EEFEBA942998591E006219ED /* XCRemoteSwiftPackageReference "Kingfisher" */ = {
			isa = XCRemoteSwiftPackageReference;
			repositoryURL = "https://github.com/onevcat/Kingfisher.git";
			requirement = {
				branch = master;
				kind = branch;
			};
		};
/* End XCRemoteSwiftPackageReference section */

/* Begin XCSwiftPackageProductDependency section */
		EE9F90AA2983987200797D27 /* SnapKit */ = {
			isa = XCSwiftPackageProductDependency;
			package = EE9F90A92983987200797D27 /* XCRemoteSwiftPackageReference "SnapKit" */;
			productName = SnapKit;
		};
		EEFEBA952998591E006219ED /* Kingfisher */ = {
			isa = XCSwiftPackageProductDependency;
			package = EEFEBA942998591E006219ED /* XCRemoteSwiftPackageReference "Kingfisher" */;
			productName = Kingfisher;
		};
/* End XCSwiftPackageProductDependency section */
	};
	rootObject = EE9F906C298397FF00797D27 /* Project object */;
}
